// !$*UTF8*$!
{
	archiveVersion = 1;
	classes = {
	};
	objectVersion = 56;
	objects = {

/* Begin PBXBuildFile section */
		650584A72AD7B92D0044BE5B /* AppDelegate.swift in Sources */ = {isa = PBXBuildFile; fileRef = 650584A62AD7B92D0044BE5B /* AppDelegate.swift */; };
		650584A92AD7B92D0044BE5B /* SceneDelegate.swift in Sources */ = {isa = PBXBuildFile; fileRef = 650584A82AD7B92D0044BE5B /* SceneDelegate.swift */; };
		650584AB2AD7B92D0044BE5B /* ViewController.swift in Sources */ = {isa = PBXBuildFile; fileRef = 650584AA2AD7B92D0044BE5B /* ViewController.swift */; };
		650584AE2AD7B92D0044BE5B /* Main.storyboard in Resources */ = {isa = PBXBuildFile; fileRef = 650584AC2AD7B92D0044BE5B /* Main.storyboard */; };
		650584B12AD7B92D0044BE5B /* Calcgame2.xcdatamodeld in Sources */ = {isa = PBXBuildFile; fileRef = 650584AF2AD7B92D0044BE5B /* Calcgame2.xcdatamodeld */; };
		650584B32AD7B92F0044BE5B /* Assets.xcassets in Resources */ = {isa = PBXBuildFile; fileRef = 650584B22AD7B92F0044BE5B /* Assets.xcassets */; };
		650584B62AD7B92F0044BE5B /* LaunchScreen.storyboard in Resources */ = {isa = PBXBuildFile; fileRef = 650584B42AD7B92F0044BE5B /* LaunchScreen.storyboard */; };
		650584BE2AD7E2880044BE5B /* CalcViewController.swift in Sources */ = {isa = PBXBuildFile; fileRef = 650584BD2AD7E2880044BE5B /* CalcViewController.swift */; };
/* End PBXBuildFile section */

/* Begin PBXFileReference section */
		650584A32AD7B92D0044BE5B /* Calcgame2.app */ = {isa = PBXFileReference; explicitFileType = wrapper.application; includeInIndex = 0; path = Calcgame2.app; sourceTree = BUILT_PRODUCTS_DIR; };
		650584A62AD7B92D0044BE5B /* AppDelegate.swift */ = {isa = PBXFileReference; lastKnownFileType = sourcecode.swift; path = AppDelegate.swift; sourceTree = "<group>"; };
		650584A82AD7B92D0044BE5B /* SceneDelegate.swift */ = {isa = PBXFileReference; lastKnownFileType = sourcecode.swift; path = SceneDelegate.swift; sourceTree = "<group>"; };
		650584AA2AD7B92D0044BE5B /* ViewController.swift */ = {isa = PBXFileReference; lastKnownFileType = sourcecode.swift; path = ViewController.swift; sourceTree = "<group>"; };
		650584AD2AD7B92D0044BE5B /* Base */ = {isa = PBXFileReference; lastKnownFileType = file.storyboard; name = Base; path = Base.lproj/Main.storyboard; sourceTree = "<group>"; };
		650584B02AD7B92D0044BE5B /* Calcgame2.xcdatamodel */ = {isa = PBXFileReference; lastKnownFileType = wrapper.xcdatamodel; path = Calcgame2.xcdatamodel; sourceTree = "<group>"; };
		650584B22AD7B92F0044BE5B /* Assets.xcassets */ = {isa = PBXFileReference; lastKnownFileType = folder.assetcatalog; path = Assets.xcassets; sourceTree = "<group>"; };
		650584B52AD7B92F0044BE5B /* Base */ = {isa = PBXFileReference; lastKnownFileType = file.storyboard; name = Base; path = Base.lproj/LaunchScreen.storyboard; sourceTree = "<group>"; };
		650584B72AD7B92F0044BE5B /* Info.plist */ = {isa = PBXFileReference; lastKnownFileType = text.plist.xml; path = Info.plist; sourceTree = "<group>"; };
		650584BD2AD7E2880044BE5B /* CalcViewController.swift */ = {isa = PBXFileReference; lastKnownFileType = sourcecode.swift; path = CalcViewController.swift; sourceTree = "<group>"; };
/* End PBXFileReference section */

/* Begin PBXFrameworksBuildPhase section */
		650584A02AD7B92D0044BE5B /* Frameworks */ = {
			isa = PBXFrameworksBuildPhase;
			buildActionMask = 2147483647;
			files = (
			);
			runOnlyForDeploymentPostprocessing = 0;
		};
/* End PBXFrameworksBuildPhase section */

/* Begin PBXGroup section */
		6505849A2AD7B92D0044BE5B = {
			isa = PBXGroup;
			children = (
				650584A52AD7B92D0044BE5B /* Calcgame2 */,
				650584A42AD7B92D0044BE5B /* Products */,
			);
			sourceTree = "<group>";
		};
		650584A42AD7B92D0044BE5B /* Products */ = {
			isa = PBXGroup;
			children = (
				650584A32AD7B92D0044BE5B /* Calcgame2.app */,
			);
			name = Products;
			sourceTree = "<group>";
		};
		650584A52AD7B92D0044BE5B /* Calcgame2 */ = {
			isa = PBXGroup;
			children = (
				650584A62AD7B92D0044BE5B /* AppDelegate.swift */,
				650584A82AD7B92D0044BE5B /* SceneDelegate.swift */,
				650584AA2AD7B92D0044BE5B /* ViewController.swift */,
				650584AC2AD7B92D0044BE5B /* Main.storyboard */,
				650584B22AD7B92F0044BE5B /* Assets.xcassets */,
				650584B42AD7B92F0044BE5B /* LaunchScreen.storyboard */,
				650584B72AD7B92F0044BE5B /* Info.plist */,
				650584AF2AD7B92D0044BE5B /* Calcgame2.xcdatamodeld */,
				650584BD2AD7E2880044BE5B /* CalcViewController.swift */,
			);
			path = Calcgame2;
			sourceTree = "<group>";
		};
/* End PBXGroup section */

/* Begin PBXNativeTarget section */
		650584A22AD7B92D0044BE5B /* Calcgame2 */ = {
			isa = PBXNativeTarget;
			buildConfigurationList = 650584BA2AD7B92F0044BE5B /* Build configuration list for PBXNativeTarget "Calcgame2" */;
			buildPhases = (
				6505849F2AD7B92D0044BE5B /* Sources */,
				650584A02AD7B92D0044BE5B /* Frameworks */,
				650584A12AD7B92D0044BE5B /* Resources */,
			);
			buildRules = (
			);
			dependencies = (
			);
			name = Calcgame2;
			productName = Calcgame2;
			productReference = 650584A32AD7B92D0044BE5B /* Calcgame2.app */;
			productType = "com.apple.product-type.application";
		};
/* End PBXNativeTarget section */

/* Begin PBXProject section */
		6505849B2AD7B92D0044BE5B /* Project object */ = {
			isa = PBXProject;
			attributes = {
				BuildIndependentTargetsInParallel = 1;
				LastSwiftUpdateCheck = 1500;
				LastUpgradeCheck = 1500;
				TargetAttributes = {
					650584A22AD7B92D0044BE5B = {
						CreatedOnToolsVersion = 15.0;
					};
				};
			};
			buildConfigurationList = 6505849E2AD7B92D0044BE5B /* Build configuration list for PBXProject "Calcgame2" */;
			compatibilityVersion = "Xcode 14.0";
			developmentRegion = en;
			hasScannedForEncodings = 0;
			knownRegions = (
				en,
				Base,
			);
			mainGroup = 6505849A2AD7B92D0044BE5B;
			productRefGroup = 650584A42AD7B92D0044BE5B /* Products */;
			projectDirPath = "";
			projectRoot = "";
			targets = (
				650584A22AD7B92D0044BE5B /* Calcgame2 */,
			);
		};
/* End PBXProject section */

/* Begin PBXResourcesBuildPhase section */
		650584A12AD7B92D0044BE5B /* Resources */ = {
			isa = PBXResourcesBuildPhase;
			buildActionMask = 2147483647;
			files = (
				650584B62AD7B92F0044BE5B /* LaunchScreen.storyboard in Resources */,
				650584B32AD7B92F0044BE5B /* Assets.xcassets in Resources */,
				650584AE2AD7B92D0044BE5B /* Main.storyboard in Resources */,
			);
			runOnlyForDeploymentPostprocessing = 0;
		};
/* End PBXResourcesBuildPhase section */

/* Begin PBXSourcesBuildPhase section */
		6505849F2AD7B92D0044BE5B /* Sources */ = {
			isa = PBXSourcesBuildPhase;
			buildActionMask = 2147483647;
			files = (
				650584AB2AD7B92D0044BE5B /* ViewController.swift in Sources */,
				650584B12AD7B92D0044BE5B /* Calcgame2.xcdatamodeld in Sources */,
				650584BE2AD7E2880044BE5B /* CalcViewController.swift in Sources */,
				650584A72AD7B92D0044BE5B /* AppDelegate.swift in Sources */,
				650584A92AD7B92D0044BE5B /* SceneDelegate.swift in Sources */,
			);
			runOnlyForDeploymentPostprocessing = 0;
		};
/* End PBXSourcesBuildPhase section */

/* Begin PBXVariantGroup section */
		650584AC2AD7B92D0044BE5B /* Main.storyboard */ = {
			isa = PBXVariantGroup;
			children = (
				650584AD2AD7B92D0044BE5B /* Base */,
			);
			name = Main.storyboard;
			sourceTree = "<group>";
		};
		650584B42AD7B92F0044BE5B /* LaunchScreen.storyboard */ = {
			isa = PBXVariantGroup;
			children = (
				650584B52AD7B92F0044BE5B /* Base */,
			);
			name = LaunchScreen.storyboard;
			sourceTree = "<group>";
		};
/* End PBXVariantGroup section */

/* Begin XCBuildConfiguration section */
		650584B82AD7B92F0044BE5B /* Debug */ = {
			isa = XCBuildConfiguration;
			buildSettings = {
				ALWAYS_SEARCH_USER_PATHS = NO;
				ASSETCATALOG_COMPILER_GENERATE_SWIFT_ASSET_SYMBOL_EXTENSIONS = YES;
				CLANG_ANALYZER_NONNULL = YES;
				CLANG_ANALYZER_NUMBER_OBJECT_CONVERSION = YES_AGGRESSIVE;
				CLANG_CXX_LANGUAGE_STANDARD = "gnu++20";
				CLANG_ENABLE_MODULES = YES;
				CLANG_ENABLE_OBJC_ARC = YES;
				CLANG_ENABLE_OBJC_WEAK = YES;
				CLANG_WARN_BLOCK_CAPTURE_AUTORELEASING = YES;
				CLANG_WARN_BOOL_CONVERSION = YES;
				CLANG_WARN_COMMA = YES;
				CLANG_WARN_CONSTANT_CONVERSION = YES;
				CLANG_WARN_DEPRECATED_OBJC_IMPLEMENTATIONS = YES;
				CLANG_WARN_DIRECT_OBJC_ISA_USAGE = YES_ERROR;
				CLANG_WARN_DOCUMENTATION_COMMENTS = YES;
				CLANG_WARN_EMPTY_BODY = YES;
				CLANG_WARN_ENUM_CONVERSION = YES;
				CLANG_WARN_INFINITE_RECURSION = YES;
				CLANG_WARN_INT_CONVERSION = YES;
				CLANG_WARN_NON_LITERAL_NULL_CONVERSION = YES;
				CLANG_WARN_OBJC_IMPLICIT_RETAIN_SELF = YES;
				CLANG_WARN_OBJC_LITERAL_CONVERSION = YES;
				CLANG_WARN_OBJC_ROOT_CLASS = YES_ERROR;
				CLANG_WARN_QUOTED_INCLUDE_IN_FRAMEWORK_HEADER = YES;
				CLANG_WARN_RANGE_LOOP_ANALYSIS = YES;
				CLANG_WARN_STRICT_PROTOTYPES = YES;
				CLANG_WARN_SUSPICIOUS_MOVE = YES;
				CLANG_WARN_UNGUARDED_AVAILABILITY = YES_AGGRESSIVE;
				CLANG_WARN_UNREACHABLE_CODE = YES;
				CLANG_WARN__DUPLICATE_METHOD_MATCH = YES;
				COPY_PHASE_STRIP = NO;
				DEBUG_INFORMATION_FORMAT = dwarf;
				ENABLE_STRICT_OBJC_MSGSEND = YES;
				ENABLE_TESTABILITY = YES;
				ENABLE_USER_SCRIPT_SANDBOXING = YES;
				GCC_C_LANGUAGE_STANDARD = gnu17;
				GCC_DYNAMIC_NO_PIC = NO;
				GCC_NO_COMMON_BLOCKS = YES;
				GCC_OPTIMIZATION_LEVEL = 0;
				GCC_PREPROCESSOR_DEFINITIONS = (
					"DEBUG=1",
					"$(inherited)",
				);
				GCC_WARN_64_TO_32_BIT_CONVERSION = YES;
				GCC_WARN_ABOUT_RETURN_TYPE = YES_ERROR;
				GCC_WARN_UNDECLARED_SELECTOR = YES;
				GCC_WARN_UNINITIALIZED_AUTOS = YES_AGGRESSIVE;
				GCC_WARN_UNUSED_FUNCTION = YES;
				GCC_WARN_UNUSED_VARIABLE = YES;
				IPHONEOS_DEPLOYMENT_TARGET = 17.0;
				LOCALIZATION_PREFERS_STRING_CATALOGS = YES;
				MTL_ENABLE_DEBUG_INFO = INCLUDE_SOURCE;
				MTL_FAST_MATH = YES;
				ONLY_ACTIVE_ARCH = YES;
				SDKROOT = iphoneos;
				SWIFT_ACTIVE_COMPILATION_CONDITIONS = "DEBUG $(inherited)";
				SWIFT_OPTIMIZATION_LEVEL = "-Onone";
			};
			name = Debug;
		};
		650584B92AD7B92F0044BE5B /* Release */ = {
			isa = XCBuildConfiguration;
			buildSettings = {
				ALWAYS_SEARCH_USER_PATHS = NO;
				ASSETCATALOG_COMPILER_GENERATE_SWIFT_ASSET_SYMBOL_EXTENSIONS = YES;
				CLANG_ANALYZER_NONNULL = YES;
				CLANG_ANALYZER_NUMBER_OBJECT_CONVERSION = YES_AGGRESSIVE;
				CLANG_CXX_LANGUAGE_STANDARD = "gnu++20";
				CLANG_ENABLE_MODULES = YES;
				CLANG_ENABLE_OBJC_ARC = YES;
				CLANG_ENABLE_OBJC_WEAK = YES;
				CLANG_WARN_BLOCK_CAPTURE_AUTORELEASING = YES;
				CLANG_WARN_BOOL_CONVERSION = YES;
				CLANG_WARN_COMMA = YES;
				CLANG_WARN_CONSTANT_CONVERSION = YES;
				CLANG_WARN_DEPRECATED_OBJC_IMPLEMENTATIONS = YES;
				CLANG_WARN_DIRECT_OBJC_ISA_USAGE = YES_ERROR;
				CLANG_WARN_DOCUMENTATION_COMMENTS = YES;
				CLANG_WARN_EMPTY_BODY = YES;
				CLANG_WARN_ENUM_CONVERSION = YES;
				CLANG_WARN_INFINITE_RECURSION = YES;
				CLANG_WARN_INT_CONVERSION = YES;
				CLANG_WARN_NON_LITERAL_NULL_CONVERSION = YES;
				CLANG_WARN_OBJC_IMPLICIT_RETAIN_SELF = YES;
				CLANG_WARN_OBJC_LITERAL_CONVERSION = YES;
				CLANG_WARN_OBJC_ROOT_CLASS = YES_ERROR;
				CLANG_WARN_QUOTED_INCLUDE_IN_FRAMEWORK_HEADER = YES;
				CLANG_WARN_RANGE_LOOP_ANALYSIS = YES;
				CLANG_WARN_STRICT_PROTOTYPES = YES;
				CLANG_WARN_SUSPICIOUS_MOVE = YES;
				CLANG_WARN_UNGUARDED_AVAILABILITY = YES_AGGRESSIVE;
				CLANG_WARN_UNREACHABLE_CODE = YES;
				CLANG_WARN__DUPLICATE_METHOD_MATCH = YES;
				COPY_PHASE_STRIP = NO;
				DEBUG_INFORMATION_FORMAT = "dwarf-with-dsym";
				ENABLE_NS_ASSERTIONS = NO;
				ENABLE_STRICT_OBJC_MSGSEND = YES;
				ENABLE_USER_SCRIPT_SANDBOXING = YES;
				GCC_C_LANGUAGE_STANDARD = gnu17;
				GCC_NO_COMMON_BLOCKS = YES;
				GCC_WARN_64_TO_32_BIT_CONVERSION = YES;
				GCC_WARN_ABOUT_RETURN_TYPE = YES_ERROR;
				GCC_WARN_UNDECLARED_SELECTOR = YES;
				GCC_WARN_UNINITIALIZED_AUTOS = YES_AGGRESSIVE;
				GCC_WARN_UNUSED_FUNCTION = YES;
				GCC_WARN_UNUSED_VARIABLE = YES;
				IPHONEOS_DEPLOYMENT_TARGET = 17.0;
				LOCALIZATION_PREFERS_STRING_CATALOGS = YES;
				MTL_ENABLE_DEBUG_INFO = NO;
				MTL_FAST_MATH = YES;
				SDKROOT = iphoneos;
				SWIFT_COMPILATION_MODE = wholemodule;
				VALIDATE_PRODUCT = YES;
			};
			name = Release;
		};
		650584BB2AD7B92F0044BE5B /* Debug */ = {
			isa = XCBuildConfiguration;
			buildSettings = {
				ASSETCATALOG_COMPILER_APPICON_NAME = AppIcon;
				ASSETCATALOG_COMPILER_GLOBAL_ACCENT_COLOR_NAME = AccentColor;
				CODE_SIGN_STYLE = Automatic;
				CURRENT_PROJECT_VERSION = 1;
				DEVELOPMENT_TEAM = 5B2GD6Q9D8;
				GENERATE_INFOPLIST_FILE = YES;
				INFOPLIST_FILE = Calcgame2/Info.plist;
				INFOPLIST_KEY_UIApplicationSupportsIndirectInputEvents = YES;
				INFOPLIST_KEY_UILaunchStoryboardName = LaunchScreen;
				INFOPLIST_KEY_UIMainStoryboardFile = Main;
				INFOPLIST_KEY_UISupportedInterfaceOrientations_iPad = "UIInterfaceOrientationPortrait UIInterfaceOrientationPortraitUpsideDown UIInterfaceOrientationLandscapeLeft UIInterfaceOrientationLandscapeRight";
				INFOPLIST_KEY_UISupportedInterfaceOrientations_iPhone = "UIInterfaceOrientationPortrait UIInterfaceOrientationLandscapeLeft UIInterfaceOrientationLandscapeRight";
				LD_RUNPATH_SEARCH_PATHS = (
					"$(inherited)",
					"@executable_path/Frameworks",
				);
				MARKETING_VERSION = 1.0;
				PRODUCT_BUNDLE_IDENTIFIER = com.example.Calcgame2;
				PRODUCT_NAME = "$(TARGET_NAME)";
				SWIFT_EMIT_LOC_STRINGS = YES;
				SWIFT_VERSION = 5.0;
				TARGETED_DEVICE_FAMILY = "1,2";
			};
			name = Debug;
		};
		650584BC2AD7B92F0044BE5B /* Release */ = {
			isa = XCBuildConfiguration;
			buildSettings = {
				ASSETCATALOG_COMPILER_APPICON_NAME = AppIcon;
				ASSETCATALOG_COMPILER_GLOBAL_ACCENT_COLOR_NAME = AccentColor;
				CODE_SIGN_STYLE = Automatic;
				CURRENT_PROJECT_VERSION = 1;
				DEVELOPMENT_TEAM = 5B2GD6Q9D8;
				GENERATE_INFOPLIST_FILE = YES;
				INFOPLIST_FILE = Calcgame2/Info.plist;
				INFOPLIST_KEY_UIApplicationSupportsIndirectInputEvents = YES;
				INFOPLIST_KEY_UILaunchStoryboardName = LaunchScreen;
				INFOPLIST_KEY_UIMainStoryboardFile = Main;
				INFOPLIST_KEY_UISupportedInterfaceOrientations_iPad = "UIInterfaceOrientationPortrait UIInterfaceOrientationPortraitUpsideDown UIInterfaceOrientationLandscapeLeft UIInterfaceOrientationLandscapeRight";
				INFOPLIST_KEY_UISupportedInterfaceOrientations_iPhone = "UIInterfaceOrientationPortrait UIInterfaceOrientationLandscapeLeft UIInterfaceOrientationLandscapeRight";
				LD_RUNPATH_SEARCH_PATHS = (
					"$(inherited)",
					"@executable_path/Frameworks",
				);
				MARKETING_VERSION = 1.0;
				PRODUCT_BUNDLE_IDENTIFIER = com.example.Calcgame2;
				PRODUCT_NAME = "$(TARGET_NAME)";
				SWIFT_EMIT_LOC_STRINGS = YES;
				SWIFT_VERSION = 5.0;
				TARGETED_DEVICE_FAMILY = "1,2";
			};
			name = Release;
		};
/* End XCBuildConfiguration section */

/* Begin XCConfigurationList section */
		6505849E2AD7B92D0044BE5B /* Build configuration list for PBXProject "Calcgame2" */ = {
			isa = XCConfigurationList;
			buildConfigurations = (
				650584B82AD7B92F0044BE5B /* Debug */,
				650584B92AD7B92F0044BE5B /* Release */,
			);
			defaultConfigurationIsVisible = 0;
			defaultConfigurationName = Release;
		};
		650584BA2AD7B92F0044BE5B /* Build configuration list for PBXNativeTarget "Calcgame2" */ = {
			isa = XCConfigurationList;
			buildConfigurations = (
				650584BB2AD7B92F0044BE5B /* Debug */,
				650584BC2AD7B92F0044BE5B /* Release */,
			);
			defaultConfigurationIsVisible = 0;
			defaultConfigurationName = Release;
		};
/* End XCConfigurationList section */

/* Begin XCVersionGroup section */
		650584AF2AD7B92D0044BE5B /* Calcgame2.xcdatamodeld */ = {
			isa = XCVersionGroup;
			children = (
				650584B02AD7B92D0044BE5B /* Calcgame2.xcdatamodel */,
			);
			currentVersion = 650584B02AD7B92D0044BE5B /* Calcgame2.xcdatamodel */;
			path = Calcgame2.xcdatamodeld;
			sourceTree = "<group>";
			versionGroupType = wrapper.xcdatamodel;
		};
/* End XCVersionGroup section */
	};
	rootObject = 6505849B2AD7B92D0044BE5B /* Project object */;
}
